
Microsoft Visual Studio Solution File, Format Version 12.00
# Visual Studio Version 17
VisualStudioVersion = 17.8.34316.72
MinimumVisualStudioVersion = 10.0.40219.1
Project("{FAE04EC0-301F-11D3-BF4B-00C04F79EFBC}") = "Blog_WebApp", "Blog_WebApp.csproj", "{9FCB2243-671B-474A-9BDE-6F024418A114}"
EndProject
Global
	GlobalSection(SolutionConfigurationPlatforms) = preSolution
		Debug|Any CPU = Debug|Any CPU
		Release|Any CPU = Release|Any CPU
	EndGlobalSection
	GlobalSection(ProjectConfigurationPlatforms) = postSolution
		{9FCB2243-671B-474A-9BDE-6F024418A114}.Debug|Any CPU.ActiveCfg = Debug|Any CPU
		{9FCB2243-671B-474A-9BDE-6F024418A114}.Debug|Any CPU.Build.0 = Debug|Any CPU
		{9FCB2243-671B-474A-9BDE-6F024418A114}.Release|Any CPU.ActiveCfg = Release|Any CPU
		{9FCB2243-671B-474A-9BDE-6F024418A114}.Release|Any CPU.Build.0 = Release|Any CPU
	EndGlobalSection
	GlobalSection(SolutionProperties) = preSolution
		HideSolutionNode = FALSE
	EndGlobalSection
	GlobalSection(ExtensibilityGlobals) = postSolution
		SolutionGuid = {7A4C6FDC-AF36-4770-9980-A604138B0390}
	EndGlobalSection
EndGlobal
